// !$*UTF8*$!
{
	archiveVersion = 1;
	classes = {
	};
	objectVersion = 56;
	objects = {

/* Begin PBXBuildFile section */
		6A2FAC912A6119320005883D /* ResultsViewController.swift in Sources */ = {isa = PBXBuildFile; fileRef = 6A2FAC902A6119320005883D /* ResultsViewController.swift */; };
		6A2FAC932A6119450005883D /* ResultsViewControllerTest.swift in Sources */ = {isa = PBXBuildFile; fileRef = 6A2FAC922A6119450005883D /* ResultsViewControllerTest.swift */; };
		6A2FAC952A611A290005883D /* ResultsViewController.xib in Resources */ = {isa = PBXBuildFile; fileRef = 6A2FAC942A611A290005883D /* ResultsViewController.xib */; };
		6A34E4112AC07C980025CDE3 /* ScoreTest.swift in Sources */ = {isa = PBXBuildFile; fileRef = 6A34E4102AC07C980025CDE3 /* ScoreTest.swift */; };
		6A34E4142AC07D240025CDE3 /* BasicScore.swift in Sources */ = {isa = PBXBuildFile; fileRef = 6A34E4132AC07D240025CDE3 /* BasicScore.swift */; };
		6A3E59F62A5BD19800658481 /* AppDelegate.swift in Sources */ = {isa = PBXBuildFile; fileRef = 6A3E59F52A5BD19800658481 /* AppDelegate.swift */; };
		6A3E59F82A5BD19800658481 /* SceneDelegate.swift in Sources */ = {isa = PBXBuildFile; fileRef = 6A3E59F72A5BD19800658481 /* SceneDelegate.swift */; };
		6A3E59FF2A5BD19900658481 /* Assets.xcassets in Resources */ = {isa = PBXBuildFile; fileRef = 6A3E59FE2A5BD19900658481 /* Assets.xcassets */; };
		6A3E5A022A5BD19900658481 /* LaunchScreen.storyboard in Resources */ = {isa = PBXBuildFile; fileRef = 6A3E5A002A5BD19900658481 /* LaunchScreen.storyboard */; };
		6A3E5A262A5BD28500658481 /* QuestionViewControllerTest.swift in Sources */ = {isa = PBXBuildFile; fileRef = 6A3E5A252A5BD28500658481 /* QuestionViewControllerTest.swift */; };
		6A3E5A282A5BD31300658481 /* QuestionViewController.swift in Sources */ = {isa = PBXBuildFile; fileRef = 6A3E5A272A5BD31300658481 /* QuestionViewController.swift */; };
		6A3E5A2A2A5BD38E00658481 /* QuestionViewController.xib in Resources */ = {isa = PBXBuildFile; fileRef = 6A3E5A292A5BD38E00658481 /* QuestionViewController.xib */; };
		6A5B1F982A63E4F200B515A5 /* TestHelpers.swift in Sources */ = {isa = PBXBuildFile; fileRef = 6A5B1F972A63E4F200B515A5 /* TestHelpers.swift */; };
		6A5B1F9A2A63EE8700B515A5 /* CorrectAnswerCell.xib in Resources */ = {isa = PBXBuildFile; fileRef = 6A5B1F992A63EE8700B515A5 /* CorrectAnswerCell.xib */; };
		6A5D4F042AC9D8C400933891 /* QuizEngine.framework in Frameworks */ = {isa = PBXBuildFile; fileRef = 6A5D4F032AC9D8C400933891 /* QuizEngine.framework */; };
		6A5D4F052AC9D8C400933891 /* QuizEngine.framework in Embed Frameworks */ = {isa = PBXBuildFile; fileRef = 6A5D4F032AC9D8C400933891 /* QuizEngine.framework */; settings = {ATTRIBUTES = (CodeSignOnCopy, RemoveHeadersOnCopy, ); }; };
		6A5D4F072AC9D8CF00933891 /* QuizEngine.framework in Frameworks */ = {isa = PBXBuildFile; fileRef = 6A5D4F062AC9D8CF00933891 /* QuizEngine.framework */; };
		6A5D4F082AC9D8CF00933891 /* QuizEngine.framework in Embed Frameworks */ = {isa = PBXBuildFile; fileRef = 6A5D4F062AC9D8CF00933891 /* QuizEngine.framework */; settings = {ATTRIBUTES = (CodeSignOnCopy, RemoveHeadersOnCopy, ); }; };
		6A5D4F0A2AC9D8D700933891 /* QuizEngine.framework in Frameworks */ = {isa = PBXBuildFile; fileRef = 6A5D4F092AC9D8D700933891 /* QuizEngine.framework */; };
		6A5D4F0B2AC9D8D700933891 /* QuizEngine.framework in Embed Frameworks */ = {isa = PBXBuildFile; fileRef = 6A5D4F092AC9D8D700933891 /* QuizEngine.framework */; settings = {ATTRIBUTES = (CodeSignOnCopy, RemoveHeadersOnCopy, ); }; };
		6A6BB9102A86B60D00A61EC8 /* QuestionPresenterTest.swift in Sources */ = {isa = PBXBuildFile; fileRef = 6A6BB90F2A86B60D00A61EC8 /* QuestionPresenterTest.swift */; };
		6A6BB9122A86B77400A61EC8 /* QuestionPresenter.swift in Sources */ = {isa = PBXBuildFile; fileRef = 6A6BB9112A86B77400A61EC8 /* QuestionPresenter.swift */; };
		6A81CCB52A7FE11100ADE6B2 /* ResultsPresenterTest.swift in Sources */ = {isa = PBXBuildFile; fileRef = 6A81CCB42A7FE11100ADE6B2 /* ResultsPresenterTest.swift */; };
		6A81CCB72A8014FD00ADE6B2 /* ResultsPresenter.swift in Sources */ = {isa = PBXBuildFile; fileRef = 6A81CCB62A8014FD00ADE6B2 /* ResultsPresenter.swift */; };
		6A92C8962A63F96200621CC1 /* WrongAnswerCell.xib in Resources */ = {isa = PBXBuildFile; fileRef = 6A92C8952A63F96200621CC1 /* WrongAnswerCell.xib */; };
		6A997E792A6D8580005205D6 /* NavigationControllerRouterTest.swift in Sources */ = {isa = PBXBuildFile; fileRef = 6A997E782A6D8580005205D6 /* NavigationControllerRouterTest.swift */; };
		6A997E7B2A6DB8E4005205D6 /* NavigationControllerRouter.swift in Sources */ = {isa = PBXBuildFile; fileRef = 6A997E7A2A6DB8E4005205D6 /* NavigationControllerRouter.swift */; };
		6AD248CF2A7E8B4D0023841C /* ViewControllerFactory.swift in Sources */ = {isa = PBXBuildFile; fileRef = 6AD248CE2A7E8B4D0023841C /* ViewControllerFactory.swift */; };
		6AD248D12A7E8C550023841C /* iOSViewControllerFactoryTest.swift in Sources */ = {isa = PBXBuildFile; fileRef = 6AD248D02A7E8C550023841C /* iOSViewControllerFactoryTest.swift */; };
		6AD248D32A7E8D430023841C /* iOSViewControllerFactory.swift in Sources */ = {isa = PBXBuildFile; fileRef = 6AD248D22A7E8D430023841C /* iOSViewControllerFactory.swift */; };
		6AE814A22A68B165001098B9 /* UITableViewExtension.swift in Sources */ = {isa = PBXBuildFile; fileRef = 6AE814A12A68B165001098B9 /* UITableViewExtension.swift */; };
		6AE814A42A68B1CB001098B9 /* PresentableAnswer.swift in Sources */ = {isa = PBXBuildFile; fileRef = 6AE814A32A68B1CB001098B9 /* PresentableAnswer.swift */; };
		6AE814A62A68B1E9001098B9 /* CorrectAnswerCell.swift in Sources */ = {isa = PBXBuildFile; fileRef = 6AE814A52A68B1E9001098B9 /* CorrectAnswerCell.swift */; };
		6AE814A82A68B209001098B9 /* WrongAnswerCell.swift in Sources */ = {isa = PBXBuildFile; fileRef = 6AE814A72A68B209001098B9 /* WrongAnswerCell.swift */; };
/* End PBXBuildFile section */

/* Begin PBXContainerItemProxy section */
		6A3E5A092A5BD19900658481 /* PBXContainerItemProxy */ = {
			isa = PBXContainerItemProxy;
			containerPortal = 6A3E59EA2A5BD19800658481 /* Project object */;
			proxyType = 1;
			remoteGlobalIDString = 6A3E59F12A5BD19800658481;
			remoteInfo = QuizApp;
		};
/* End PBXContainerItemProxy section */

/* Begin PBXCopyFilesBuildPhase section */
		6A997E772A6D8226005205D6 /* Embed Frameworks */ = {
			isa = PBXCopyFilesBuildPhase;
			buildActionMask = 2147483647;
			dstPath = "";
			dstSubfolderSpec = 10;
			files = (
				6A5D4F052AC9D8C400933891 /* QuizEngine.framework in Embed Frameworks */,
				6A5D4F082AC9D8CF00933891 /* QuizEngine.framework in Embed Frameworks */,
				6A5D4F0B2AC9D8D700933891 /* QuizEngine.framework in Embed Frameworks */,
			);
			name = "Embed Frameworks";
			runOnlyForDeploymentPostprocessing = 0;
		};
/* End PBXCopyFilesBuildPhase section */

/* Begin PBXFileReference section */
		6A2FAC902A6119320005883D /* ResultsViewController.swift */ = {isa = PBXFileReference; lastKnownFileType = sourcecode.swift; path = ResultsViewController.swift; sourceTree = "<group>"; };
		6A2FAC922A6119450005883D /* ResultsViewControllerTest.swift */ = {isa = PBXFileReference; lastKnownFileType = sourcecode.swift; path = ResultsViewControllerTest.swift; sourceTree = "<group>"; };
		6A2FAC942A611A290005883D /* ResultsViewController.xib */ = {isa = PBXFileReference; lastKnownFileType = file.xib; path = ResultsViewController.xib; sourceTree = "<group>"; };
		6A2FAC962A611BA50005883D /* QuizApp.xctestplan */ = {isa = PBXFileReference; lastKnownFileType = text; path = QuizApp.xctestplan; sourceTree = "<group>"; };
		6A34E4102AC07C980025CDE3 /* ScoreTest.swift */ = {isa = PBXFileReference; fileEncoding = 4; lastKnownFileType = sourcecode.swift; path = ScoreTest.swift; sourceTree = "<group>"; };
		6A34E4132AC07D240025CDE3 /* BasicScore.swift */ = {isa = PBXFileReference; lastKnownFileType = sourcecode.swift; path = BasicScore.swift; sourceTree = "<group>"; };
		6A3E59F22A5BD19800658481 /* QuizApp.app */ = {isa = PBXFileReference; explicitFileType = wrapper.application; includeInIndex = 0; path = QuizApp.app; sourceTree = BUILT_PRODUCTS_DIR; };
		6A3E59F52A5BD19800658481 /* AppDelegate.swift */ = {isa = PBXFileReference; lastKnownFileType = sourcecode.swift; path = AppDelegate.swift; sourceTree = "<group>"; };
		6A3E59F72A5BD19800658481 /* SceneDelegate.swift */ = {isa = PBXFileReference; lastKnownFileType = sourcecode.swift; path = SceneDelegate.swift; sourceTree = "<group>"; };
		6A3E59FE2A5BD19900658481 /* Assets.xcassets */ = {isa = PBXFileReference; lastKnownFileType = folder.assetcatalog; path = Assets.xcassets; sourceTree = "<group>"; };
		6A3E5A012A5BD19900658481 /* Base */ = {isa = PBXFileReference; lastKnownFileType = file.storyboard; name = Base; path = Base.lproj/LaunchScreen.storyboard; sourceTree = "<group>"; };
		6A3E5A032A5BD19900658481 /* Info.plist */ = {isa = PBXFileReference; lastKnownFileType = text.plist.xml; path = Info.plist; sourceTree = "<group>"; };
		6A3E5A082A5BD19900658481 /* QuizAppTests.xctest */ = {isa = PBXFileReference; explicitFileType = wrapper.cfbundle; includeInIndex = 0; path = QuizAppTests.xctest; sourceTree = BUILT_PRODUCTS_DIR; };
		6A3E5A252A5BD28500658481 /* QuestionViewControllerTest.swift */ = {isa = PBXFileReference; lastKnownFileType = sourcecode.swift; path = QuestionViewControllerTest.swift; sourceTree = "<group>"; };
		6A3E5A272A5BD31300658481 /* QuestionViewController.swift */ = {isa = PBXFileReference; lastKnownFileType = sourcecode.swift; path = QuestionViewController.swift; sourceTree = "<group>"; };
		6A3E5A292A5BD38E00658481 /* QuestionViewController.xib */ = {isa = PBXFileReference; lastKnownFileType = file.xib; path = QuestionViewController.xib; sourceTree = "<group>"; };
		6A5B1F972A63E4F200B515A5 /* TestHelpers.swift */ = {isa = PBXFileReference; lastKnownFileType = sourcecode.swift; path = TestHelpers.swift; sourceTree = "<group>"; };
		6A5B1F992A63EE8700B515A5 /* CorrectAnswerCell.xib */ = {isa = PBXFileReference; lastKnownFileType = file.xib; path = CorrectAnswerCell.xib; sourceTree = "<group>"; };
		6A5D4F032AC9D8C400933891 /* QuizEngine.framework */ = {isa = PBXFileReference; explicitFileType = wrapper.framework; path = QuizEngine.framework; sourceTree = BUILT_PRODUCTS_DIR; };
		6A5D4F062AC9D8CF00933891 /* QuizEngine.framework */ = {isa = PBXFileReference; explicitFileType = wrapper.framework; path = QuizEngine.framework; sourceTree = BUILT_PRODUCTS_DIR; };
		6A5D4F092AC9D8D700933891 /* QuizEngine.framework */ = {isa = PBXFileReference; explicitFileType = wrapper.framework; path = QuizEngine.framework; sourceTree = BUILT_PRODUCTS_DIR; };
		6A6BB90F2A86B60D00A61EC8 /* QuestionPresenterTest.swift */ = {isa = PBXFileReference; lastKnownFileType = sourcecode.swift; path = QuestionPresenterTest.swift; sourceTree = "<group>"; };
		6A6BB9112A86B77400A61EC8 /* QuestionPresenter.swift */ = {isa = PBXFileReference; lastKnownFileType = sourcecode.swift; path = QuestionPresenter.swift; sourceTree = "<group>"; };
		6A81CCB42A7FE11100ADE6B2 /* ResultsPresenterTest.swift */ = {isa = PBXFileReference; lastKnownFileType = sourcecode.swift; path = ResultsPresenterTest.swift; sourceTree = "<group>"; };
		6A81CCB62A8014FD00ADE6B2 /* ResultsPresenter.swift */ = {isa = PBXFileReference; lastKnownFileType = sourcecode.swift; path = ResultsPresenter.swift; sourceTree = "<group>"; };
		6A92C8952A63F96200621CC1 /* WrongAnswerCell.xib */ = {isa = PBXFileReference; lastKnownFileType = file.xib; path = WrongAnswerCell.xib; sourceTree = "<group>"; };
		6A997E742A6D8226005205D6 /* QuizEngine.framework */ = {isa = PBXFileReference; explicitFileType = wrapper.framework; path = QuizEngine.framework; sourceTree = BUILT_PRODUCTS_DIR; };
		6A997E782A6D8580005205D6 /* NavigationControllerRouterTest.swift */ = {isa = PBXFileReference; lastKnownFileType = sourcecode.swift; path = NavigationControllerRouterTest.swift; sourceTree = "<group>"; };
		6A997E7A2A6DB8E4005205D6 /* NavigationControllerRouter.swift */ = {isa = PBXFileReference; lastKnownFileType = sourcecode.swift; path = NavigationControllerRouter.swift; sourceTree = "<group>"; };
		6AD248CE2A7E8B4D0023841C /* ViewControllerFactory.swift */ = {isa = PBXFileReference; lastKnownFileType = sourcecode.swift; path = ViewControllerFactory.swift; sourceTree = "<group>"; };
		6AD248D02A7E8C550023841C /* iOSViewControllerFactoryTest.swift */ = {isa = PBXFileReference; lastKnownFileType = sourcecode.swift; path = iOSViewControllerFactoryTest.swift; sourceTree = "<group>"; };
		6AD248D22A7E8D430023841C /* iOSViewControllerFactory.swift */ = {isa = PBXFileReference; lastKnownFileType = sourcecode.swift; path = iOSViewControllerFactory.swift; sourceTree = "<group>"; };
		6AE814A12A68B165001098B9 /* UITableViewExtension.swift */ = {isa = PBXFileReference; lastKnownFileType = sourcecode.swift; path = UITableViewExtension.swift; sourceTree = "<group>"; };
		6AE814A32A68B1CB001098B9 /* PresentableAnswer.swift */ = {isa = PBXFileReference; lastKnownFileType = sourcecode.swift; path = PresentableAnswer.swift; sourceTree = "<group>"; };
		6AE814A52A68B1E9001098B9 /* CorrectAnswerCell.swift */ = {isa = PBXFileReference; lastKnownFileType = sourcecode.swift; path = CorrectAnswerCell.swift; sourceTree = "<group>"; };
		6AE814A72A68B209001098B9 /* WrongAnswerCell.swift */ = {isa = PBXFileReference; lastKnownFileType = sourcecode.swift; path = WrongAnswerCell.swift; sourceTree = "<group>"; };
/* End PBXFileReference section */

/* Begin PBXFrameworksBuildPhase section */
		6A3E59EF2A5BD19800658481 /* Frameworks */ = {
			isa = PBXFrameworksBuildPhase;
			buildActionMask = 2147483647;
			files = (
				6A5D4F042AC9D8C400933891 /* QuizEngine.framework in Frameworks */,
				6A5D4F072AC9D8CF00933891 /* QuizEngine.framework in Frameworks */,
				6A5D4F0A2AC9D8D700933891 /* QuizEngine.framework in Frameworks */,
			);
			runOnlyForDeploymentPostprocessing = 0;
		};
		6A3E5A052A5BD19900658481 /* Frameworks */ = {
			isa = PBXFrameworksBuildPhase;
			buildActionMask = 2147483647;
			files = (
			);
			runOnlyForDeploymentPostprocessing = 0;
		};
/* End PBXFrameworksBuildPhase section */

/* Begin PBXGroup section */
		6A34E40F2AC07C4A0025CDE3 /* Scoring */ = {
			isa = PBXGroup;
			children = (
				6A34E4102AC07C980025CDE3 /* ScoreTest.swift */,
			);
			path = Scoring;
			sourceTree = "<group>";
		};
		6A34E4122AC07D0C0025CDE3 /* Scoring */ = {
			isa = PBXGroup;
			children = (
				6A34E4132AC07D240025CDE3 /* BasicScore.swift */,
			);
			path = Scoring;
			sourceTree = "<group>";
		};
		6A3E59E92A5BD19800658481 = {
			isa = PBXGroup;
			children = (
				6A2FAC962A611BA50005883D /* QuizApp.xctestplan */,
				6A3E59F42A5BD19800658481 /* QuizApp */,
				6A3E5A0B2A5BD19900658481 /* QuizAppTests */,
				6A3E59F32A5BD19800658481 /* Products */,
				6A997E732A6D8226005205D6 /* Frameworks */,
			);
			sourceTree = "<group>";
		};
		6A3E59F32A5BD19800658481 /* Products */ = {
			isa = PBXGroup;
			children = (
				6A3E59F22A5BD19800658481 /* QuizApp.app */,
				6A3E5A082A5BD19900658481 /* QuizAppTests.xctest */,
			);
			name = Products;
			sourceTree = "<group>";
		};
		6A3E59F42A5BD19800658481 /* QuizApp */ = {
			isa = PBXGroup;
			children = (
				6A34E4122AC07D0C0025CDE3 /* Scoring */,
				6A728F0D2A88EE93003C5B51 /* Main */,
				6A728F172A88EFBC003C5B51 /* Routing */,
				6A728F102A88EEDD003C5B51 /* Presentation */,
				6A728F0E2A88EEA4003C5B51 /* UI */,
			);
			path = QuizApp;
			sourceTree = "<group>";
		};
		6A3E5A0B2A5BD19900658481 /* QuizAppTests */ = {
			isa = PBXGroup;
			children = (
				6A34E40F2AC07C4A0025CDE3 /* Scoring */,
				6A728F1C2A88F00B003C5B51 /* Presentation */,
				6A728F1B2A88EFFE003C5B51 /* Routing */,
				6A728F1A2A88EFF2003C5B51 /* UI */,
				6A728F182A88EFE3003C5B51 /* Main */,
			);
			path = QuizAppTests;
			sourceTree = "<group>";
		};
		6A728F0D2A88EE93003C5B51 /* Main */ = {
			isa = PBXGroup;
			children = (
				6A3E59F52A5BD19800658481 /* AppDelegate.swift */,
				6AD248D22A7E8D430023841C /* iOSViewControllerFactory.swift */,
				6A3E59F72A5BD19800658481 /* SceneDelegate.swift */,
				6A3E59FE2A5BD19900658481 /* Assets.xcassets */,
				6A3E5A032A5BD19900658481 /* Info.plist */,
			);
			path = Main;
			sourceTree = "<group>";
		};
		6A728F0E2A88EEA4003C5B51 /* UI */ = {
			isa = PBXGroup;
			children = (
				6A728F152A88EF8A003C5B51 /* Helpers */,
				6A728F162A88EF91003C5B51 /* Launch */,
				6A728F0F2A88EEB9003C5B51 /* Cells */,
				6A728F142A88EF7C003C5B51 /* Question */,
				6A728F132A88EF6C003C5B51 /* Result */,
			);
			path = UI;
			sourceTree = "<group>";
		};
		6A728F0F2A88EEB9003C5B51 /* Cells */ = {
			isa = PBXGroup;
			children = (
				6AE814A52A68B1E9001098B9 /* CorrectAnswerCell.swift */,
				6AE814A72A68B209001098B9 /* WrongAnswerCell.swift */,
				6A5B1F992A63EE8700B515A5 /* CorrectAnswerCell.xib */,
				6A92C8952A63F96200621CC1 /* WrongAnswerCell.xib */,
			);
			path = Cells;
			sourceTree = "<group>";
		};
		6A728F102A88EEDD003C5B51 /* Presentation */ = {
			isa = PBXGroup;
			children = (
				6A728F122A88EF50003C5B51 /* Question */,
				6A728F112A88EF30003C5B51 /* Result */,
			);
			path = Presentation;
			sourceTree = "<group>";
		};
		6A728F112A88EF30003C5B51 /* Result */ = {
			isa = PBXGroup;
			children = (
				6AE814A32A68B1CB001098B9 /* PresentableAnswer.swift */,
				6A81CCB62A8014FD00ADE6B2 /* ResultsPresenter.swift */,
			);
			path = Result;
			sourceTree = "<group>";
		};
		6A728F122A88EF50003C5B51 /* Question */ = {
			isa = PBXGroup;
			children = (
				6A6BB9112A86B77400A61EC8 /* QuestionPresenter.swift */,
			);
			path = Question;
			sourceTree = "<group>";
		};
		6A728F132A88EF6C003C5B51 /* Result */ = {
			isa = PBXGroup;
			children = (
				6A2FAC902A6119320005883D /* ResultsViewController.swift */,
				6A2FAC942A611A290005883D /* ResultsViewController.xib */,
			);
			name = Result;
			sourceTree = "<group>";
		};
		6A728F142A88EF7C003C5B51 /* Question */ = {
			isa = PBXGroup;
			children = (
				6A3E5A272A5BD31300658481 /* QuestionViewController.swift */,
				6A3E5A292A5BD38E00658481 /* QuestionViewController.xib */,
			);
			path = Question;
			sourceTree = "<group>";
		};
		6A728F152A88EF8A003C5B51 /* Helpers */ = {
			isa = PBXGroup;
			children = (
				6AE814A12A68B165001098B9 /* UITableViewExtension.swift */,
			);
			path = Helpers;
			sourceTree = "<group>";
		};
		6A728F162A88EF91003C5B51 /* Launch */ = {
			isa = PBXGroup;
			children = (
				6A3E5A002A5BD19900658481 /* LaunchScreen.storyboard */,
			);
			path = Launch;
			sourceTree = "<group>";
		};
		6A728F172A88EFBC003C5B51 /* Routing */ = {
			isa = PBXGroup;
			children = (
				6A997E7A2A6DB8E4005205D6 /* NavigationControllerRouter.swift */,
				6AD248CE2A7E8B4D0023841C /* ViewControllerFactory.swift */,
			);
			path = Routing;
			sourceTree = "<group>";
		};
		6A728F182A88EFE3003C5B51 /* Main */ = {
			isa = PBXGroup;
			children = (
				6AD248D02A7E8C550023841C /* iOSViewControllerFactoryTest.swift */,
			);
			path = Main;
			sourceTree = "<group>";
		};
		6A728F192A88EFEB003C5B51 /* Helpers */ = {
			isa = PBXGroup;
			children = (
				6A5B1F972A63E4F200B515A5 /* TestHelpers.swift */,
			);
			path = Helpers;
			sourceTree = "<group>";
		};
		6A728F1A2A88EFF2003C5B51 /* UI */ = {
			isa = PBXGroup;
			children = (
				6A728F192A88EFEB003C5B51 /* Helpers */,
				6A728F1D2A88F03A003C5B51 /* Question */,
				6A728F1E2A88F049003C5B51 /* Result */,
			);
			path = UI;
			sourceTree = "<group>";
		};
		6A728F1B2A88EFFE003C5B51 /* Routing */ = {
			isa = PBXGroup;
			children = (
				6A997E782A6D8580005205D6 /* NavigationControllerRouterTest.swift */,
			);
			path = Routing;
			sourceTree = "<group>";
		};
		6A728F1C2A88F00B003C5B51 /* Presentation */ = {
			isa = PBXGroup;
			children = (
				6A728F212A88F070003C5B51 /* Question */,
				6A728F1F2A88F062003C5B51 /* Result */,
			);
			path = Presentation;
			sourceTree = "<group>";
		};
		6A728F1D2A88F03A003C5B51 /* Question */ = {
			isa = PBXGroup;
			children = (
				6A3E5A252A5BD28500658481 /* QuestionViewControllerTest.swift */,
			);
			path = Question;
			sourceTree = "<group>";
		};
		6A728F1E2A88F049003C5B51 /* Result */ = {
			isa = PBXGroup;
			children = (
				6A2FAC922A6119450005883D /* ResultsViewControllerTest.swift */,
			);
			path = Result;
			sourceTree = "<group>";
		};
		6A728F1F2A88F062003C5B51 /* Result */ = {
			isa = PBXGroup;
			children = (
				6A81CCB42A7FE11100ADE6B2 /* ResultsPresenterTest.swift */,
			);
			path = Result;
			sourceTree = "<group>";
		};
		6A728F212A88F070003C5B51 /* Question */ = {
			isa = PBXGroup;
			children = (
				6A6BB90F2A86B60D00A61EC8 /* QuestionPresenterTest.swift */,
			);
			path = Question;
			sourceTree = "<group>";
		};
		6A997E732A6D8226005205D6 /* Frameworks */ = {
			isa = PBXGroup;
			children = (
				6A5D4F092AC9D8D700933891 /* QuizEngine.framework */,
				6A5D4F062AC9D8CF00933891 /* QuizEngine.framework */,
				6A5D4F032AC9D8C400933891 /* QuizEngine.framework */,
				6A997E742A6D8226005205D6 /* QuizEngine.framework */,
			);
			name = Frameworks;
			sourceTree = "<group>";
		};
/* End PBXGroup section */

/* Begin PBXNativeTarget section */
		6A3E59F12A5BD19800658481 /* QuizApp */ = {
			isa = PBXNativeTarget;
			buildConfigurationList = 6A3E5A1C2A5BD19900658481 /* Build configuration list for PBXNativeTarget "QuizApp" */;
			buildPhases = (
				6A3E59EE2A5BD19800658481 /* Sources */,
				6A3E59EF2A5BD19800658481 /* Frameworks */,
				6A3E59F02A5BD19800658481 /* Resources */,
				6A997E772A6D8226005205D6 /* Embed Frameworks */,
			);
			buildRules = (
			);
			dependencies = (
			);
			name = QuizApp;
			productName = QuizApp;
			productReference = 6A3E59F22A5BD19800658481 /* QuizApp.app */;
			productType = "com.apple.product-type.application";
		};
		6A3E5A072A5BD19900658481 /* QuizAppTests */ = {
			isa = PBXNativeTarget;
			buildConfigurationList = 6A3E5A1F2A5BD19900658481 /* Build configuration list for PBXNativeTarget "QuizAppTests" */;
			buildPhases = (
				6A3E5A042A5BD19900658481 /* Sources */,
				6A3E5A052A5BD19900658481 /* Frameworks */,
				6A3E5A062A5BD19900658481 /* Resources */,
			);
			buildRules = (
			);
			dependencies = (
				6A3E5A0A2A5BD19900658481 /* PBXTargetDependency */,
			);
			name = QuizAppTests;
			productName = QuizAppTests;
			productReference = 6A3E5A082A5BD19900658481 /* QuizAppTests.xctest */;
			productType = "com.apple.product-type.bundle.unit-test";
		};
/* End PBXNativeTarget section */

/* Begin PBXProject section */
		6A3E59EA2A5BD19800658481 /* Project object */ = {
			isa = PBXProject;
			attributes = {
				BuildIndependentTargetsInParallel = 1;
				LastSwiftUpdateCheck = 1430;
				LastUpgradeCheck = 1430;
				TargetAttributes = {
					6A3E59F12A5BD19800658481 = {
						CreatedOnToolsVersion = 14.3;
					};
					6A3E5A072A5BD19900658481 = {
						CreatedOnToolsVersion = 14.3;
						LastSwiftMigration = 1430;
						TestTargetID = 6A3E59F12A5BD19800658481;
					};
				};
			};
			buildConfigurationList = 6A3E59ED2A5BD19800658481 /* Build configuration list for PBXProject "QuizApp" */;
			compatibilityVersion = "Xcode 14.0";
			developmentRegion = en;
			hasScannedForEncodings = 0;
			knownRegions = (
				en,
				Base,
			);
			mainGroup = 6A3E59E92A5BD19800658481;
			productRefGroup = 6A3E59F32A5BD19800658481 /* Products */;
			projectDirPath = "";
			projectRoot = "";
			targets = (
				6A3E59F12A5BD19800658481 /* QuizApp */,
				6A3E5A072A5BD19900658481 /* QuizAppTests */,
			);
		};
/* End PBXProject section */

/* Begin PBXResourcesBuildPhase section */
		6A3E59F02A5BD19800658481 /* Resources */ = {
			isa = PBXResourcesBuildPhase;
			buildActionMask = 2147483647;
			files = (
				6A3E5A022A5BD19900658481 /* LaunchScreen.storyboard in Resources */,
				6A92C8962A63F96200621CC1 /* WrongAnswerCell.xib in Resources */,
				6A3E59FF2A5BD19900658481 /* Assets.xcassets in Resources */,
				6A3E5A2A2A5BD38E00658481 /* QuestionViewController.xib in Resources */,
				6A5B1F9A2A63EE8700B515A5 /* CorrectAnswerCell.xib in Resources */,
				6A2FAC952A611A290005883D /* ResultsViewController.xib in Resources */,
			);
			runOnlyForDeploymentPostprocessing = 0;
		};
		6A3E5A062A5BD19900658481 /* Resources */ = {
			isa = PBXResourcesBuildPhase;
			buildActionMask = 2147483647;
			files = (
			);
			runOnlyForDeploymentPostprocessing = 0;
		};
/* End PBXResourcesBuildPhase section */

/* Begin PBXSourcesBuildPhase section */
		6A3E59EE2A5BD19800658481 /* Sources */ = {
			isa = PBXSourcesBuildPhase;
			buildActionMask = 2147483647;
			files = (
				6A3E59F62A5BD19800658481 /* AppDelegate.swift in Sources */,
				6A34E4142AC07D240025CDE3 /* BasicScore.swift in Sources */,
				6AE814A22A68B165001098B9 /* UITableViewExtension.swift in Sources */,
				6A81CCB72A8014FD00ADE6B2 /* ResultsPresenter.swift in Sources */,
				6AE814A62A68B1E9001098B9 /* CorrectAnswerCell.swift in Sources */,
				6A3E5A282A5BD31300658481 /* QuestionViewController.swift in Sources */,
				6AE814A42A68B1CB001098B9 /* PresentableAnswer.swift in Sources */,
				6AE814A82A68B209001098B9 /* WrongAnswerCell.swift in Sources */,
				6A6BB9122A86B77400A61EC8 /* QuestionPresenter.swift in Sources */,
				6AD248D32A7E8D430023841C /* iOSViewControllerFactory.swift in Sources */,
				6A997E7B2A6DB8E4005205D6 /* NavigationControllerRouter.swift in Sources */,
				6A3E59F82A5BD19800658481 /* SceneDelegate.swift in Sources */,
				6A2FAC912A6119320005883D /* ResultsViewController.swift in Sources */,
				6AD248CF2A7E8B4D0023841C /* ViewControllerFactory.swift in Sources */,
			);
			runOnlyForDeploymentPostprocessing = 0;
		};
		6A3E5A042A5BD19900658481 /* Sources */ = {
			isa = PBXSourcesBuildPhase;
			buildActionMask = 2147483647;
			files = (
				6A81CCB52A7FE11100ADE6B2 /* ResultsPresenterTest.swift in Sources */,
				6A997E792A6D8580005205D6 /* NavigationControllerRouterTest.swift in Sources */,
				6A3E5A262A5BD28500658481 /* QuestionViewControllerTest.swift in Sources */,
				6A34E4112AC07C980025CDE3 /* ScoreTest.swift in Sources */,
				6A6BB9102A86B60D00A61EC8 /* QuestionPresenterTest.swift in Sources */,
				6A2FAC932A6119450005883D /* ResultsViewControllerTest.swift in Sources */,
				6A5B1F982A63E4F200B515A5 /* TestHelpers.swift in Sources */,
				6AD248D12A7E8C550023841C /* iOSViewControllerFactoryTest.swift in Sources */,
			);
			runOnlyForDeploymentPostprocessing = 0;
		};
/* End PBXSourcesBuildPhase section */

/* Begin PBXTargetDependency section */
		6A3E5A0A2A5BD19900658481 /* PBXTargetDependency */ = {
			isa = PBXTargetDependency;
			target = 6A3E59F12A5BD19800658481 /* QuizApp */;
			targetProxy = 6A3E5A092A5BD19900658481 /* PBXContainerItemProxy */;
		};
/* End PBXTargetDependency section */

/* Begin PBXVariantGroup section */
		6A3E5A002A5BD19900658481 /* LaunchScreen.storyboard */ = {
			isa = PBXVariantGroup;
			children = (
				6A3E5A012A5BD19900658481 /* Base */,
			);
			name = LaunchScreen.storyboard;
			sourceTree = "<group>";
		};
/* End PBXVariantGroup section */

/* Begin XCBuildConfiguration section */
		6A3E5A1A2A5BD19900658481 /* Debug */ = {
			isa = XCBuildConfiguration;
			buildSettings = {
				ALWAYS_SEARCH_USER_PATHS = NO;
				CLANG_ANALYZER_NONNULL = YES;
				CLANG_ANALYZER_NUMBER_OBJECT_CONVERSION = YES_AGGRESSIVE;
				CLANG_CXX_LANGUAGE_STANDARD = "gnu++20";
				CLANG_ENABLE_MODULES = YES;
				CLANG_ENABLE_OBJC_ARC = YES;
				CLANG_ENABLE_OBJC_WEAK = YES;
				CLANG_WARN_BLOCK_CAPTURE_AUTORELEASING = YES;
				CLANG_WARN_BOOL_CONVERSION = YES;
				CLANG_WARN_COMMA = YES;
				CLANG_WARN_CONSTANT_CONVERSION = YES;
				CLANG_WARN_DEPRECATED_OBJC_IMPLEMENTATIONS = YES;
				CLANG_WARN_DIRECT_OBJC_ISA_USAGE = YES_ERROR;
				CLANG_WARN_DOCUMENTATION_COMMENTS = YES;
				CLANG_WARN_EMPTY_BODY = YES;
				CLANG_WARN_ENUM_CONVERSION = YES;
				CLANG_WARN_INFINITE_RECURSION = YES;
				CLANG_WARN_INT_CONVERSION = YES;
				CLANG_WARN_NON_LITERAL_NULL_CONVERSION = YES;
				CLANG_WARN_OBJC_IMPLICIT_RETAIN_SELF = YES;
				CLANG_WARN_OBJC_LITERAL_CONVERSION = YES;
				CLANG_WARN_OBJC_ROOT_CLASS = YES_ERROR;
				CLANG_WARN_QUOTED_INCLUDE_IN_FRAMEWORK_HEADER = YES;
				CLANG_WARN_RANGE_LOOP_ANALYSIS = YES;
				CLANG_WARN_STRICT_PROTOTYPES = YES;
				CLANG_WARN_SUSPICIOUS_MOVE = YES;
				CLANG_WARN_UNGUARDED_AVAILABILITY = YES_AGGRESSIVE;
				CLANG_WARN_UNREACHABLE_CODE = YES;
				CLANG_WARN__DUPLICATE_METHOD_MATCH = YES;
				COPY_PHASE_STRIP = NO;
				DEBUG_INFORMATION_FORMAT = dwarf;
				ENABLE_STRICT_OBJC_MSGSEND = YES;
				ENABLE_TESTABILITY = YES;
				GCC_C_LANGUAGE_STANDARD = gnu11;
				GCC_DYNAMIC_NO_PIC = NO;
				GCC_NO_COMMON_BLOCKS = YES;
				GCC_OPTIMIZATION_LEVEL = 0;
				GCC_PREPROCESSOR_DEFINITIONS = (
					"DEBUG=1",
					"$(inherited)",
				);
				GCC_WARN_64_TO_32_BIT_CONVERSION = YES;
				GCC_WARN_ABOUT_RETURN_TYPE = YES_ERROR;
				GCC_WARN_UNDECLARED_SELECTOR = YES;
				GCC_WARN_UNINITIALIZED_AUTOS = YES_AGGRESSIVE;
				GCC_WARN_UNUSED_FUNCTION = YES;
				GCC_WARN_UNUSED_VARIABLE = YES;
				IPHONEOS_DEPLOYMENT_TARGET = 16.4;
				MTL_ENABLE_DEBUG_INFO = INCLUDE_SOURCE;
				MTL_FAST_MATH = YES;
				ONLY_ACTIVE_ARCH = YES;
				SDKROOT = iphoneos;
				SWIFT_ACTIVE_COMPILATION_CONDITIONS = DEBUG;
				SWIFT_OPTIMIZATION_LEVEL = "-Onone";
			};
			name = Debug;
		};
		6A3E5A1B2A5BD19900658481 /* Release */ = {
			isa = XCBuildConfiguration;
			buildSettings = {
				ALWAYS_SEARCH_USER_PATHS = NO;
				CLANG_ANALYZER_NONNULL = YES;
				CLANG_ANALYZER_NUMBER_OBJECT_CONVERSION = YES_AGGRESSIVE;
				CLANG_CXX_LANGUAGE_STANDARD = "gnu++20";
				CLANG_ENABLE_MODULES = YES;
				CLANG_ENABLE_OBJC_ARC = YES;
				CLANG_ENABLE_OBJC_WEAK = YES;
				CLANG_WARN_BLOCK_CAPTURE_AUTORELEASING = YES;
				CLANG_WARN_BOOL_CONVERSION = YES;
				CLANG_WARN_COMMA = YES;
				CLANG_WARN_CONSTANT_CONVERSION = YES;
				CLANG_WARN_DEPRECATED_OBJC_IMPLEMENTATIONS = YES;
				CLANG_WARN_DIRECT_OBJC_ISA_USAGE = YES_ERROR;
				CLANG_WARN_DOCUMENTATION_COMMENTS = YES;
				CLANG_WARN_EMPTY_BODY = YES;
				CLANG_WARN_ENUM_CONVERSION = YES;
				CLANG_WARN_INFINITE_RECURSION = YES;
				CLANG_WARN_INT_CONVERSION = YES;
				CLANG_WARN_NON_LITERAL_NULL_CONVERSION = YES;
				CLANG_WARN_OBJC_IMPLICIT_RETAIN_SELF = YES;
				CLANG_WARN_OBJC_LITERAL_CONVERSION = YES;
				CLANG_WARN_OBJC_ROOT_CLASS = YES_ERROR;
				CLANG_WARN_QUOTED_INCLUDE_IN_FRAMEWORK_HEADER = YES;
				CLANG_WARN_RANGE_LOOP_ANALYSIS = YES;
				CLANG_WARN_STRICT_PROTOTYPES = YES;
				CLANG_WARN_SUSPICIOUS_MOVE = YES;
				CLANG_WARN_UNGUARDED_AVAILABILITY = YES_AGGRESSIVE;
				CLANG_WARN_UNREACHABLE_CODE = YES;
				CLANG_WARN__DUPLICATE_METHOD_MATCH = YES;
				COPY_PHASE_STRIP = NO;
				DEBUG_INFORMATION_FORMAT = "dwarf-with-dsym";
				ENABLE_NS_ASSERTIONS = NO;
				ENABLE_STRICT_OBJC_MSGSEND = YES;
				GCC_C_LANGUAGE_STANDARD = gnu11;
				GCC_NO_COMMON_BLOCKS = YES;
				GCC_WARN_64_TO_32_BIT_CONVERSION = YES;
				GCC_WARN_ABOUT_RETURN_TYPE = YES_ERROR;
				GCC_WARN_UNDECLARED_SELECTOR = YES;
				GCC_WARN_UNINITIALIZED_AUTOS = YES_AGGRESSIVE;
				GCC_WARN_UNUSED_FUNCTION = YES;
				GCC_WARN_UNUSED_VARIABLE = YES;
				IPHONEOS_DEPLOYMENT_TARGET = 16.4;
				MTL_ENABLE_DEBUG_INFO = NO;
				MTL_FAST_MATH = YES;
				SDKROOT = iphoneos;
				SWIFT_COMPILATION_MODE = wholemodule;
				SWIFT_OPTIMIZATION_LEVEL = "-O";
				VALIDATE_PRODUCT = YES;
			};
			name = Release;
		};
		6A3E5A1D2A5BD19900658481 /* Debug */ = {
			isa = XCBuildConfiguration;
			buildSettings = {
				ASSETCATALOG_COMPILER_APPICON_NAME = AppIcon;
				ASSETCATALOG_COMPILER_GLOBAL_ACCENT_COLOR_NAME = AccentColor;
				CODE_SIGN_STYLE = Manual;
				CURRENT_PROJECT_VERSION = 1;
				DEVELOPMENT_TEAM = "";
				GENERATE_INFOPLIST_FILE = YES;
				INFOPLIST_FILE = QuizApp/Main/Info.plist;
				INFOPLIST_KEY_UIApplicationSupportsIndirectInputEvents = YES;
				INFOPLIST_KEY_UILaunchStoryboardName = LaunchScreen;
				INFOPLIST_KEY_UISupportedInterfaceOrientations_iPad = "UIInterfaceOrientationPortrait UIInterfaceOrientationPortraitUpsideDown UIInterfaceOrientationLandscapeLeft UIInterfaceOrientationLandscapeRight";
				INFOPLIST_KEY_UISupportedInterfaceOrientations_iPhone = "UIInterfaceOrientationPortrait UIInterfaceOrientationLandscapeLeft UIInterfaceOrientationLandscapeRight";
				LD_RUNPATH_SEARCH_PATHS = (
					"$(inherited)",
					"@executable_path/Frameworks",
				);
				MARKETING_VERSION = 1.0;
				PRODUCT_BUNDLE_IDENTIFIER = com.altunog.QuizApp;
				PRODUCT_NAME = "$(TARGET_NAME)";
				PROVISIONING_PROFILE_SPECIFIER = "";
				SWIFT_EMIT_LOC_STRINGS = YES;
				SWIFT_VERSION = 5.0;
				TARGETED_DEVICE_FAMILY = "1,2";
			};
			name = Debug;
		};
		6A3E5A1E2A5BD19900658481 /* Release */ = {
			isa = XCBuildConfiguration;
			buildSettings = {
				ASSETCATALOG_COMPILER_APPICON_NAME = AppIcon;
				ASSETCATALOG_COMPILER_GLOBAL_ACCENT_COLOR_NAME = AccentColor;
				CODE_SIGN_STYLE = Manual;
				CURRENT_PROJECT_VERSION = 1;
				DEVELOPMENT_TEAM = "";
				GENERATE_INFOPLIST_FILE = YES;
				INFOPLIST_FILE = QuizApp/Main/Info.plist;
				INFOPLIST_KEY_UIApplicationSupportsIndirectInputEvents = YES;
				INFOPLIST_KEY_UILaunchStoryboardName = LaunchScreen;
				INFOPLIST_KEY_UISupportedInterfaceOrientations_iPad = "UIInterfaceOrientationPortrait UIInterfaceOrientationPortraitUpsideDown UIInterfaceOrientationLandscapeLeft UIInterfaceOrientationLandscapeRight";
				INFOPLIST_KEY_UISupportedInterfaceOrientations_iPhone = "UIInterfaceOrientationPortrait UIInterfaceOrientationLandscapeLeft UIInterfaceOrientationLandscapeRight";
				LD_RUNPATH_SEARCH_PATHS = (
					"$(inherited)",
					"@executable_path/Frameworks",
				);
				MARKETING_VERSION = 1.0;
				PRODUCT_BUNDLE_IDENTIFIER = com.altunog.QuizApp;
				PRODUCT_NAME = "$(TARGET_NAME)";
				PROVISIONING_PROFILE_SPECIFIER = "";
				SWIFT_EMIT_LOC_STRINGS = YES;
				SWIFT_VERSION = 5.0;
				TARGETED_DEVICE_FAMILY = "1,2";
			};
			name = Release;
		};
		6A3E5A202A5BD19900658481 /* Debug */ = {
			isa = XCBuildConfiguration;
			buildSettings = {
				ALWAYS_EMBED_SWIFT_STANDARD_LIBRARIES = YES;
				BUNDLE_LOADER = "$(TEST_HOST)";
				CLANG_ENABLE_MODULES = YES;
				CODE_SIGN_STYLE = Automatic;
				CURRENT_PROJECT_VERSION = 1;
				DEVELOPMENT_TEAM = 5TUA6QYFHS;
				GENERATE_INFOPLIST_FILE = YES;
				IPHONEOS_DEPLOYMENT_TARGET = 16.4;
				MARKETING_VERSION = 1.0;
				PRODUCT_BUNDLE_IDENTIFIER = com.altunog.QuizAppTests;
				PRODUCT_NAME = "$(TARGET_NAME)";
				SWIFT_EMIT_LOC_STRINGS = NO;
				SWIFT_OPTIMIZATION_LEVEL = "-Onone";
				SWIFT_VERSION = 5.0;
				TARGETED_DEVICE_FAMILY = "1,2";
				TEST_HOST = "$(BUILT_PRODUCTS_DIR)/QuizApp.app/$(BUNDLE_EXECUTABLE_FOLDER_PATH)/QuizApp";
			};
			name = Debug;
		};
		6A3E5A212A5BD19900658481 /* Release */ = {
			isa = XCBuildConfiguration;
			buildSettings = {
				ALWAYS_EMBED_SWIFT_STANDARD_LIBRARIES = YES;
				BUNDLE_LOADER = "$(TEST_HOST)";
				CLANG_ENABLE_MODULES = YES;
				CODE_SIGN_STYLE = Automatic;
				CURRENT_PROJECT_VERSION = 1;
				DEVELOPMENT_TEAM = 5TUA6QYFHS;
				GENERATE_INFOPLIST_FILE = YES;
				IPHONEOS_DEPLOYMENT_TARGET = 16.4;
				MARKETING_VERSION = 1.0;
				PRODUCT_BUNDLE_IDENTIFIER = com.altunog.QuizAppTests;
				PRODUCT_NAME = "$(TARGET_NAME)";
				SWIFT_EMIT_LOC_STRINGS = NO;
				SWIFT_VERSION = 5.0;
				TARGETED_DEVICE_FAMILY = "1,2";
				TEST_HOST = "$(BUILT_PRODUCTS_DIR)/QuizApp.app/$(BUNDLE_EXECUTABLE_FOLDER_PATH)/QuizApp";
			};
			name = Release;
		};
/* End XCBuildConfiguration section */

/* Begin XCConfigurationList section */
		6A3E59ED2A5BD19800658481 /* Build configuration list for PBXProject "QuizApp" */ = {
			isa = XCConfigurationList;
			buildConfigurations = (
				6A3E5A1A2A5BD19900658481 /* Debug */,
				6A3E5A1B2A5BD19900658481 /* Release */,
			);
			defaultConfigurationIsVisible = 0;
			defaultConfigurationName = Release;
		};
		6A3E5A1C2A5BD19900658481 /* Build configuration list for PBXNativeTarget "QuizApp" */ = {
			isa = XCConfigurationList;
			buildConfigurations = (
				6A3E5A1D2A5BD19900658481 /* Debug */,
				6A3E5A1E2A5BD19900658481 /* Release */,
			);
			defaultConfigurationIsVisible = 0;
			defaultConfigurationName = Release;
		};
		6A3E5A1F2A5BD19900658481 /* Build configuration list for PBXNativeTarget "QuizAppTests" */ = {
			isa = XCConfigurationList;
			buildConfigurations = (
				6A3E5A202A5BD19900658481 /* Debug */,
				6A3E5A212A5BD19900658481 /* Release */,
			);
			defaultConfigurationIsVisible = 0;
			defaultConfigurationName = Release;
		};
/* End XCConfigurationList section */
	};
	rootObject = 6A3E59EA2A5BD19800658481 /* Project object */;
}
